
Microsoft Visual Studio Solution File, Format Version 12.00
# Visual Studio 15
VisualStudioVersion = 15.0.27703.2035
MinimumVisualStudioVersion = 10.0.40219.1
Project("{FAE04EC0-301F-11D3-BF4B-00C04F79EFBC}") = "LfMerge.AutomatedSRTests", "LfMerge.AutomatedSRTests\LfMerge.AutomatedSRTests.csproj", "{D00F9A00-50E8-4810-8441-1E93E1EF5672}"
EndProject
Project("{2150E333-8FDC-42A3-9474-1A3956D46DE8}") = "Solution Items", "Solution Items", "{9B8BE136-AE07-48FC-B0B5-ED14D56D1434}"
	ProjectSection(SolutionItems) = preProject
		.editorconfig = .editorconfig
		.gitignore = .gitignore
		environ = environ
		README.md = README.md
		lfmerge = lfmerge
		TestScenariosForComments = TestScenariosForComments
		TestDataForBasicDataTests = TestDataForBasicDataTests
		Directory.Build.props = Directory.Build.props
	EndProjectSection
EndProject
Project("{FAE04EC0-301F-11D3-BF4B-00C04F79EFBC}") = "TestUtil", "TestUtil\TestUtil.csproj", "{00FE0C8B-7DB4-47D5-93F3-1DF12E1FEF1B}"
EndProject
Global
	GlobalSection(SolutionConfigurationPlatforms) = preSolution
		Debug|Any CPU = Debug|Any CPU
		Release|Any CPU = Release|Any CPU
	EndGlobalSection
	GlobalSection(ProjectConfigurationPlatforms) = postSolution
		{D00F9A00-50E8-4810-8441-1E93E1EF5672}.Debug|Any CPU.ActiveCfg = Debug|Any CPU
		{D00F9A00-50E8-4810-8441-1E93E1EF5672}.Debug|Any CPU.Build.0 = Debug|Any CPU
		{D00F9A00-50E8-4810-8441-1E93E1EF5672}.Release|Any CPU.ActiveCfg = Release|Any CPU
		{D00F9A00-50E8-4810-8441-1E93E1EF5672}.Release|Any CPU.Build.0 = Release|Any CPU
		{00FE0C8B-7DB4-47D5-93F3-1DF12E1FEF1B}.Debug|Any CPU.ActiveCfg = Debug|Any CPU
		{00FE0C8B-7DB4-47D5-93F3-1DF12E1FEF1B}.Debug|Any CPU.Build.0 = Debug|Any CPU
		{00FE0C8B-7DB4-47D5-93F3-1DF12E1FEF1B}.Release|Any CPU.ActiveCfg = Release|Any CPU
		{00FE0C8B-7DB4-47D5-93F3-1DF12E1FEF1B}.Release|Any CPU.Build.0 = Release|Any CPU
	EndGlobalSection
	GlobalSection(SolutionProperties) = preSolution
		HideSolutionNode = FALSE
	EndGlobalSection
	GlobalSection(ExtensibilityGlobals) = postSolution
		SolutionGuid = {2A6F02E4-C5FF-4A38-837D-C1E875653662}
	EndGlobalSection
EndGlobal
